
Microsoft Visual Studio Solution File, Format Version 12.00
# Visual Studio Version 17
VisualStudioVersion = 17.0.32014.148
MinimumVisualStudioVersion = 10.0.40219.1
Project("{FAE04EC0-301F-11D3-BF4B-00C04F79EFBC}") = "singletondesign", "singletondesign\singletondesign.csproj", "{652B1A1C-6174-4D8C-AD70-ED410CCC7F20}"
EndProject
Global
	GlobalSection(SolutionConfigurationPlatforms) = preSolution
		Debug|Any CPU = Debug|Any CPU
		Release|Any CPU = Release|Any CPU
	EndGlobalSection
	GlobalSection(ProjectConfigurationPlatforms) = postSolution
		{652B1A1C-6174-4D8C-AD70-ED410CCC7F20}.Debug|Any CPU.ActiveCfg = Debug|Any CPU
		{652B1A1C-6174-4D8C-AD70-ED410CCC7F20}.Debug|Any CPU.Build.0 = Debug|Any CPU
		{652B1A1C-6174-4D8C-AD70-ED410CCC7F20}.Release|Any CPU.ActiveCfg = Release|Any CPU
		{652B1A1C-6174-4D8C-AD70-ED410CCC7F20}.Release|Any CPU.Build.0 = Release|Any CPU
	EndGlobalSection
	GlobalSection(SolutionProperties) = preSolution
		HideSolutionNode = FALSE
	EndGlobalSection
	GlobalSection(ExtensibilityGlobals) = postSolution
		SolutionGuid = {DC623DB6-0DCE-4385-A6A9-D5E9C4EF1434}
	EndGlobalSection
EndGlobal
