
Microsoft Visual Studio Solution File, Format Version 12.00
# Visual Studio Version 17
VisualStudioVersion = 17.0.32014.148
MinimumVisualStudioVersion = 10.0.40219.1
Project("{FAE04EC0-301F-11D3-BF4B-00C04F79EFBC}") = "FactoryDesignPattern", "FactoryDesignPattern\FactoryDesignPattern.csproj", "{0928B92D-0813-4403-8B39-A3D49BFAF8EC}"
EndProject
Global
	GlobalSection(SolutionConfigurationPlatforms) = preSolution
		Debug|Any CPU = Debug|Any CPU
		Release|Any CPU = Release|Any CPU
	EndGlobalSection
	GlobalSection(ProjectConfigurationPlatforms) = postSolution
		{0928B92D-0813-4403-8B39-A3D49BFAF8EC}.Debug|Any CPU.ActiveCfg = Debug|Any CPU
		{0928B92D-0813-4403-8B39-A3D49BFAF8EC}.Debug|Any CPU.Build.0 = Debug|Any CPU
		{0928B92D-0813-4403-8B39-A3D49BFAF8EC}.Release|Any CPU.ActiveCfg = Release|Any CPU
		{0928B92D-0813-4403-8B39-A3D49BFAF8EC}.Release|Any CPU.Build.0 = Release|Any CPU
	EndGlobalSection
	GlobalSection(SolutionProperties) = preSolution
		HideSolutionNode = FALSE
	EndGlobalSection
	GlobalSection(ExtensibilityGlobals) = postSolution
		SolutionGuid = {A9AEC51A-4125-4EE5-B5C4-25CFBF126DFE}
	EndGlobalSection
EndGlobal
